
Microsoft Visual Studio Solution File, Format Version 12.00
# Visual Studio Version 16
VisualStudioVersion = 16.0.30002.166
MinimumVisualStudioVersion = 10.0.40219.1
Project("{F184B08F-C81C-45F6-A57F-5ABD9991F28F}") = "OdeToFood.Web", "OdeToFood.Web\OdeToFood.Web.vbproj", "{559FBBC1-1E94-438D-9763-02340B270A94}"
EndProject
Project("{FAE04EC0-301F-11D3-BF4B-00C04F79EFBC}") = "OdeToFood.Data", "OdeToFood.Data\OdeToFood.Data.csproj", "{BA30A60C-78F6-4509-9A0B-0D2BAA338136}"
EndProject
Global
	GlobalSection(SolutionConfigurationPlatforms) = preSolution
		Debug|Any CPU = Debug|Any CPU
		Release|Any CPU = Release|Any CPU
	EndGlobalSection
	GlobalSection(ProjectConfigurationPlatforms) = postSolution
		{559FBBC1-1E94-438D-9763-02340B270A94}.Debug|Any CPU.ActiveCfg = Debug|Any CPU
		{559FBBC1-1E94-438D-9763-02340B270A94}.Debug|Any CPU.Build.0 = Debug|Any CPU
		{559FBBC1-1E94-438D-9763-02340B270A94}.Release|Any CPU.ActiveCfg = Release|Any CPU
		{559FBBC1-1E94-438D-9763-02340B270A94}.Release|Any CPU.Build.0 = Release|Any CPU
		{BA30A60C-78F6-4509-9A0B-0D2BAA338136}.Debug|Any CPU.ActiveCfg = Debug|Any CPU
		{BA30A60C-78F6-4509-9A0B-0D2BAA338136}.Debug|Any CPU.Build.0 = Debug|Any CPU
		{BA30A60C-78F6-4509-9A0B-0D2BAA338136}.Release|Any CPU.ActiveCfg = Release|Any CPU
		{BA30A60C-78F6-4509-9A0B-0D2BAA338136}.Release|Any CPU.Build.0 = Release|Any CPU
	EndGlobalSection
	GlobalSection(SolutionProperties) = preSolution
		HideSolutionNode = FALSE
	EndGlobalSection
	GlobalSection(ExtensibilityGlobals) = postSolution
		SolutionGuid = {A550D8A9-96C6-4C6D-B6F6-DEC4AE0CF60E}
	EndGlobalSection
EndGlobal
